
Microsoft Visual Studio Solution File, Format Version 12.00
# Visual Studio Version 16
VisualStudioVersion = 16.0.31005.135
MinimumVisualStudioVersion = 10.0.40219.1
Project("{9A19103F-16F7-4668-BE54-9A1E7A4F7556}") = "DataAccess", "DataAccess\DataAccess.csproj", "{F941A829-25E0-4B2E-90DA-015693DBAD67}"
EndProject
Project("{9A19103F-16F7-4668-BE54-9A1E7A4F7556}") = "Business", "Business\Business.csproj", "{C607E429-4700-48A8-8085-3659CF98E592}"
EndProject
Project("{9A19103F-16F7-4668-BE54-9A1E7A4F7556}") = "Entities", "Entities\Entities.csproj", "{DF2075F8-5FA5-4525-8AB2-B4AFE7EE55F3}"
EndProject
Project("{9A19103F-16F7-4668-BE54-9A1E7A4F7556}") = "ConsoleUI", "ConsoleUI\ConsoleUI.csproj", "{2F803940-2552-4046-8EE6-5755FAB3DBA2}"
EndProject
Project("{9A19103F-16F7-4668-BE54-9A1E7A4F7556}") = "Core", "Core\Core.csproj", "{2EEA3EE7-F123-479F-B683-CCDC5C119607}"
EndProject
Project("{FAE04EC0-301F-11D3-BF4B-00C04F79EFBC}") = "WebAPI", "WebAPI\WebAPI.csproj", "{33030123-52BC-4E45-B02B-A7706669E12B}"
EndProject
Global
	GlobalSection(SolutionConfigurationPlatforms) = preSolution
		Debug|Any CPU = Debug|Any CPU
		Release|Any CPU = Release|Any CPU
	EndGlobalSection
	GlobalSection(ProjectConfigurationPlatforms) = postSolution
		{F941A829-25E0-4B2E-90DA-015693DBAD67}.Debug|Any CPU.ActiveCfg = Debug|Any CPU
		{F941A829-25E0-4B2E-90DA-015693DBAD67}.Debug|Any CPU.Build.0 = Debug|Any CPU
		{F941A829-25E0-4B2E-90DA-015693DBAD67}.Release|Any CPU.ActiveCfg = Release|Any CPU
		{F941A829-25E0-4B2E-90DA-015693DBAD67}.Release|Any CPU.Build.0 = Release|Any CPU
		{C607E429-4700-48A8-8085-3659CF98E592}.Debug|Any CPU.ActiveCfg = Debug|Any CPU
		{C607E429-4700-48A8-8085-3659CF98E592}.Debug|Any CPU.Build.0 = Debug|Any CPU
		{C607E429-4700-48A8-8085-3659CF98E592}.Release|Any CPU.ActiveCfg = Release|Any CPU
		{C607E429-4700-48A8-8085-3659CF98E592}.Release|Any CPU.Build.0 = Release|Any CPU
		{DF2075F8-5FA5-4525-8AB2-B4AFE7EE55F3}.Debug|Any CPU.ActiveCfg = Debug|Any CPU
		{DF2075F8-5FA5-4525-8AB2-B4AFE7EE55F3}.Debug|Any CPU.Build.0 = Debug|Any CPU
		{DF2075F8-5FA5-4525-8AB2-B4AFE7EE55F3}.Release|Any CPU.ActiveCfg = Release|Any CPU
		{DF2075F8-5FA5-4525-8AB2-B4AFE7EE55F3}.Release|Any CPU.Build.0 = Release|Any CPU
		{2F803940-2552-4046-8EE6-5755FAB3DBA2}.Debug|Any CPU.ActiveCfg = Debug|Any CPU
		{2F803940-2552-4046-8EE6-5755FAB3DBA2}.Debug|Any CPU.Build.0 = Debug|Any CPU
		{2F803940-2552-4046-8EE6-5755FAB3DBA2}.Release|Any CPU.ActiveCfg = Release|Any CPU
		{2F803940-2552-4046-8EE6-5755FAB3DBA2}.Release|Any CPU.Build.0 = Release|Any CPU
		{2EEA3EE7-F123-479F-B683-CCDC5C119607}.Debug|Any CPU.ActiveCfg = Debug|Any CPU
		{2EEA3EE7-F123-479F-B683-CCDC5C119607}.Debug|Any CPU.Build.0 = Debug|Any CPU
		{2EEA3EE7-F123-479F-B683-CCDC5C119607}.Release|Any CPU.ActiveCfg = Release|Any CPU
		{2EEA3EE7-F123-479F-B683-CCDC5C119607}.Release|Any CPU.Build.0 = Release|Any CPU
		{33030123-52BC-4E45-B02B-A7706669E12B}.Debug|Any CPU.ActiveCfg = Debug|Any CPU
		{33030123-52BC-4E45-B02B-A7706669E12B}.Debug|Any CPU.Build.0 = Debug|Any CPU
		{33030123-52BC-4E45-B02B-A7706669E12B}.Release|Any CPU.ActiveCfg = Release|Any CPU
		{33030123-52BC-4E45-B02B-A7706669E12B}.Release|Any CPU.Build.0 = Release|Any CPU
	EndGlobalSection
	GlobalSection(SolutionProperties) = preSolution
		HideSolutionNode = FALSE
	EndGlobalSection
	GlobalSection(ExtensibilityGlobals) = postSolution
		SolutionGuid = {9A05F976-7953-4DCC-811E-F918520C9D1F}
	EndGlobalSection
EndGlobal
